<?xml version="1.0" encoding="utf-8"?>
<Project ToolsVersion="4.0" xmlns="http://schemas.microsoft.com/developer/msbuild/2003">
  <ItemGroup>
    <Filter Include="헤더 파일">
      <UniqueIdentifier>{93995380-89BD-4b04-88EB-625FBE52EBFB}</UniqueIdentifier>
      <Extensions>h;hh;hpp;hxx;hm;inl;inc;ipp;xsd</Extensions>
    </Filter>
    <Filter Include="01.GameBase">
      <UniqueIdentifier>{ade4ec6a-59ed-47e5-b507-1a53d83d6f7f}</UniqueIdentifier>
    </Filter>
    <Filter Include="02.Component">
      <UniqueIdentifier>{e0d43984-5afe-4a2c-bd8b-a0ca9b54aaca}</UniqueIdentifier>
    </Filter>
    <Filter Include="02.Component\Renderer">
      <UniqueIdentifier>{3173eb9f-8d38-40a1-b848-5fcb8f1eeeef}</UniqueIdentifier>
    </Filter>
    <Filter Include="02.Component\Mesh">
      <UniqueIdentifier>{9332b465-1b8d-48b4-95b7-61997aa91ecc}</UniqueIdentifier>
    </Filter>
    <Filter Include="03.GameObject">
      <UniqueIdentifier>{721a251d-9193-4eb9-ae89-55c959b5611e}</UniqueIdentifier>
    </Filter>
    <Filter Include="04.Scene">
      <UniqueIdentifier>{9f95aa9a-57da-4bd1-911f-75c7dc20268e}</UniqueIdentifier>
    </Filter>
    <Filter Include="04.Scene\Manager">
      <UniqueIdentifier>{97760a9f-082f-4c47-aa91-1c58fac4ba94}</UniqueIdentifier>
    </Filter>
    <Filter Include="05.Shader">
      <UniqueIdentifier>{c71c2a0d-b962-4d5c-ac07-4c3b249dbebf}</UniqueIdentifier>
    </Filter>
    <Filter Include="02.Component\Camera">
      <UniqueIdentifier>{97a51fee-d2d6-4527-a559-c0e182ff3bb1}</UniqueIdentifier>
    </Filter>
    <Filter Include="04.Scene\GameScene">
      <UniqueIdentifier>{c180d064-7e4e-4469-87b4-f89798c06e9c}</UniqueIdentifier>
    </Filter>
    <Filter Include="05.Shader\CubeShader">
      <UniqueIdentifier>{2fc3b0e0-6d16-44ac-8746-31fe58dbaf81}</UniqueIdentifier>
    </Filter>
    <Filter Include="02.Component\Mesh\CubeMesh">
      <UniqueIdentifier>{a77760b1-476a-4e4b-87fc-9d7489d0af01}</UniqueIdentifier>
    </Filter>
    <Filter Include="02.Component\Transform">
      <UniqueIdentifier>{c5998ac7-92a4-4244-af25-cb6bdae4a910}</UniqueIdentifier>
    </Filter>
    <Filter Include="02.Component\Camera\FollowCam">
      <UniqueIdentifier>{30946cd8-6188-4005-beca-1055cfb62f9b}</UniqueIdentifier>
    </Filter>
    <Filter Include="리소스 파일">
      <UniqueIdentifier>{67DA6AB6-F800-4c08-8B7A-83BB121AAD01}</UniqueIdentifier>
      <Extensions>rc;ico;cur;bmp;dlg;rc2;rct;bin;rgs;gif;jpg;jpeg;jpe;resx;tiff;tif;png;wav;mfcribbon-ms</Extensions>
    </Filter>
    <Filter Include="리소스 파일\Shader">
      <UniqueIdentifier>{db89ae39-7d4f-4275-9206-40edcd5d4780}</UniqueIdentifier>
    </Filter>
    <Filter Include="07.Resource">
      <UniqueIdentifier>{b509f97f-0204-4199-ab34-2f29f432f6e2}</UniqueIdentifier>
    </Filter>
    <Filter Include="99.etc">
      <UniqueIdentifier>{4FC737F1-C7A5-4376-A066-2A32D752A2FF}</UniqueIdentifier>
      <Extensions>cpp;c;cc;cxx;def;odl;idl;hpj;bat;asm;asmx</Extensions>
    </Filter>
    <Filter Include="08.Controller">
      <UniqueIdentifier>{3fca08d7-894a-403a-a4f0-a4f2f8d9c1f0}</UniqueIdentifier>
    </Filter>
    <Filter Include="09.ActionTable">
      <UniqueIdentifier>{1250eaaf-0c68-40e7-9229-4c084354b819}</UniqueIdentifier>
    </Filter>
    <Filter Include="02.Component\Camera\RoundCam">
      <UniqueIdentifier>{721005a7-ef4e-4626-8ef3-58275c96c84c}</UniqueIdentifier>
    </Filter>
    <Filter Include="02.Component\Mesh\TerrainMesh">
      <UniqueIdentifier>{6fbb8228-6540-452a-8c4b-9c6a04f96c25}</UniqueIdentifier>
    </Filter>
    <Filter Include="03.GameObject\Terrain">
      <UniqueIdentifier>{a74113fd-ff21-4d9a-8b1d-0bb57750bd0d}</UniqueIdentifier>
    </Filter>
    <Filter Include="02.Component\Renderer\MeshRenderer">
      <UniqueIdentifier>{2faec5fb-2ba0-4730-9e70-8fb653e6274c}</UniqueIdentifier>
    </Filter>
    <Filter Include="02.Component\Renderer\SkinnedMeshRenderer">
      <UniqueIdentifier>{46b1a7bc-5c15-44dd-883d-2897ca51d750}</UniqueIdentifier>
    </Filter>
    <Filter Include="07.Resource\32bitRootConstants">
      <UniqueIdentifier>{1d7222fc-cbb4-4cf7-b4ea-c36ed29f4ce2}</UniqueIdentifier>
    </Filter>
    <Filter Include="07.Resource\DescriptorTable">
      <UniqueIdentifier>{7448360b-46e0-4cc8-b5c4-ca7f787ce6f6}</UniqueIdentifier>
    </Filter>
    <Filter Include="07.Resource\Texture">
      <UniqueIdentifier>{481b02ef-4f34-447d-9ab6-13db15eea9f3}</UniqueIdentifier>
    </Filter>
    <Filter Include="05.Shader\TerrainShader">
      <UniqueIdentifier>{aa6b6413-fd8b-46d0-9a8c-ff8f7919a135}</UniqueIdentifier>
    </Filter>
    <Filter Include="07.Resource\DescriptorHeap">
      <UniqueIdentifier>{cf4eecd1-5ba8-488b-8766-872ba7df4cfe}</UniqueIdentifier>
    </Filter>
    <Filter Include="03.GameObject\Player">
      <UniqueIdentifier>{79d88ce3-72d5-440a-881b-7a9ae6ed8439}</UniqueIdentifier>
    </Filter>
    <Filter Include="02.Component\MyRigidbody">
      <UniqueIdentifier>{ea387169-77ab-4066-8583-c032c53a4038}</UniqueIdentifier>
    </Filter>
  </ItemGroup>
  <ItemGroup>
    <ClInclude Include="stdafx.h">
      <Filter>헤더 파일</Filter>
    </ClInclude>
    <ClInclude Include="targetver.h">
      <Filter>헤더 파일</Filter>
    </ClInclude>
    <ClInclude Include="Resource.h">
      <Filter>헤더 파일</Filter>
    </ClInclude>
    <ClInclude Include="Witle.h">
      <Filter>헤더 파일</Filter>
    </ClInclude>
    <ClInclude Include="d3dx12.h">
      <Filter>헤더 파일</Filter>
    </ClInclude>
    <ClInclude Include="constant.h">
      <Filter>헤더 파일</Filter>
    </ClInclude>
    <ClInclude Include="ID.h">
      <Filter>헤더 파일</Filter>
    </ClInclude>
    <ClInclude Include="Mesh.h">
      <Filter>02.Component\Mesh</Filter>
    </ClInclude>
    <ClInclude Include="Renderer.h">
      <Filter>02.Component\Renderer</Filter>
    </ClInclude>
    <ClInclude Include="ComponentBase.h">
      <Filter>02.Component</Filter>
    </ClInclude>
    <ClInclude Include="GameFramework.h">
      <Filter>01.GameBase</Filter>
    </ClInclude>
    <ClInclude Include="GameTimer.h">
      <Filter>01.GameBase</Filter>
    </ClInclude>
    <ClInclude Include="GameObject.h">
      <Filter>03.GameObject</Filter>
    </ClInclude>
    <ClInclude Include="Scene.h">
      <Filter>04.Scene</Filter>
    </ClInclude>
    <ClInclude Include="SceneManager.h">
      <Filter>04.Scene\Manager</Filter>
    </ClInclude>
    <ClInclude Include="Shader.h">
      <Filter>05.Shader</Filter>
    </ClInclude>
    <ClInclude Include="ShaderManager.h">
      <Filter>05.Shader</Filter>
    </ClInclude>
    <ClInclude Include="d3dUtil.h">
      <Filter>99.etc</Filter>
    </ClInclude>
    <ClInclude Include="DDSTextureLoader12.h">
      <Filter>99.etc</Filter>
    </ClInclude>
    <ClInclude Include="GameScene.h">
      <Filter>04.Scene\GameScene</Filter>
    </ClInclude>
    <ClInclude Include="CubeShader.h">
      <Filter>05.Shader\CubeShader</Filter>
    </ClInclude>
    <ClInclude Include="CubeMesh.h">
      <Filter>02.Component\Mesh\CubeMesh</Filter>
    </ClInclude>
    <ClInclude Include="Camera.h">
      <Filter>02.Component\Camera</Filter>
    </ClInclude>
    <ClInclude Include="Transform.h">
      <Filter>02.Component\Transform</Filter>
    </ClInclude>
    <ClInclude Include="FollowCam.h">
      <Filter>02.Component\Camera\FollowCam</Filter>
    </ClInclude>
    <ClInclude Include="ResourceBase.h">
      <Filter>07.Resource</Filter>
    </ClInclude>
    <ClInclude Include="RoundCam.h">
      <Filter>02.Component\Camera\RoundCam</Filter>
    </ClInclude>
    <ClInclude Include="HeightMapImage.h">
      <Filter>02.Component</Filter>
    </ClInclude>
    <ClInclude Include="Terrain.h">
      <Filter>03.GameObject\Terrain</Filter>
    </ClInclude>
    <ClInclude Include="TerrainMesh.h">
      <Filter>02.Component\Mesh\TerrainMesh</Filter>
    </ClInclude>
    <ClInclude Include="MeshRenderer.h">
      <Filter>02.Component\Renderer\MeshRenderer</Filter>
    </ClInclude>
    <ClInclude Include="SkinnedMeshRenderer.h">
      <Filter>02.Component\Renderer\SkinnedMeshRenderer</Filter>
    </ClInclude>
    <ClInclude Include="vertices.h">
      <Filter>헤더 파일</Filter>
    </ClInclude>
    <ClInclude Include="DescriptorTable.h">
      <Filter>07.Resource\DescriptorTable</Filter>
    </ClInclude>
    <ClInclude Include="32bitRootConstants.h">
      <Filter>07.Resource\32bitRootConstants</Filter>
    </ClInclude>
    <ClInclude Include="Texture.h">
      <Filter>07.Resource\Texture</Filter>
    </ClInclude>
    <ClInclude Include="TerrainShader.h">
      <Filter>05.Shader\TerrainShader</Filter>
    </ClInclude>
    <ClInclude Include="MyDescriptorHeap.h">
      <Filter>07.Resource\DescriptorHeap</Filter>
    </ClInclude>
    <ClInclude Include="Player.h">
      <Filter>03.GameObject\Player</Filter>
    </ClInclude>
    <ClInclude Include="GameInput.h">
      <Filter>01.GameBase</Filter>
    </ClInclude>
    <ClInclude Include="MyRigidbody.h">
      <Filter>02.Component\MyRigidbody</Filter>
    </ClInclude>
  </ItemGroup>
  <ItemGroup>
    <ClCompile Include="stdafx.cpp">
      <Filter>99.etc</Filter>
    </ClCompile>
    <ClCompile Include="Witle.cpp">
      <Filter>99.etc</Filter>
    </ClCompile>
    <ClCompile Include="d3dUtil.cpp">
      <Filter>99.etc</Filter>
    </ClCompile>
    <ClCompile Include="DDSTextureLoader12.cpp">
      <Filter>99.etc</Filter>
    </ClCompile>
    <ClCompile Include="Scene.cpp">
      <Filter>04.Scene</Filter>
    </ClCompile>
    <ClCompile Include="SceneManager.cpp">
      <Filter>04.Scene\Manager</Filter>
    </ClCompile>
    <ClCompile Include="ComponentBase.cpp">
      <Filter>02.Component</Filter>
    </ClCompile>
    <ClCompile Include="GameObject.cpp">
      <Filter>03.GameObject</Filter>
    </ClCompile>
    <ClCompile Include="Renderer.cpp">
      <Filter>02.Component\Renderer</Filter>
    </ClCompile>
    <ClCompile Include="Shader.cpp">
      <Filter>05.Shader</Filter>
    </ClCompile>
    <ClCompile Include="ShaderManager.cpp">
      <Filter>05.Shader</Filter>
    </ClCompile>
    <ClCompile Include="Mesh.cpp">
      <Filter>02.Component\Mesh</Filter>
    </ClCompile>
    <ClCompile Include="GameScene.cpp">
      <Filter>04.Scene\GameScene</Filter>
    </ClCompile>
    <ClCompile Include="GameFramework.cpp">
      <Filter>01.GameBase</Filter>
    </ClCompile>
    <ClCompile Include="GameTimer.cpp">
      <Filter>01.GameBase</Filter>
    </ClCompile>
    <ClCompile Include="Camera.cpp">
      <Filter>02.Component\Camera</Filter>
    </ClCompile>
    <ClCompile Include="CubeShader.cpp">
      <Filter>05.Shader\CubeShader</Filter>
    </ClCompile>
    <ClCompile Include="CubeMesh.cpp">
      <Filter>02.Component\Mesh\CubeMesh</Filter>
    </ClCompile>
    <ClCompile Include="Transform.cpp">
      <Filter>02.Component\Transform</Filter>
    </ClCompile>
    <ClCompile Include="FollowCam.cpp">
      <Filter>02.Component\Camera\FollowCam</Filter>
    </ClCompile>
    <ClCompile Include="ResourceBase.cpp">
      <Filter>07.Resource</Filter>
    </ClCompile>
    <ClCompile Include="RoundCam.cpp">
      <Filter>02.Component\Camera\RoundCam</Filter>
    </ClCompile>
    <ClCompile Include="HeightMapImage.cpp">
      <Filter>02.Component</Filter>
    </ClCompile>
    <ClCompile Include="Terrain.cpp">
      <Filter>03.GameObject\Terrain</Filter>
    </ClCompile>
    <ClCompile Include="TerrainMesh.cpp">
      <Filter>02.Component\Mesh\TerrainMesh</Filter>
    </ClCompile>
    <ClCompile Include="MeshRenderer.cpp">
      <Filter>02.Component\Renderer\MeshRenderer</Filter>
    </ClCompile>
    <ClCompile Include="SkinnedMeshRenderer.cpp">
      <Filter>02.Component\Renderer\SkinnedMeshRenderer</Filter>
    </ClCompile>
    <ClCompile Include="vertices.cpp">
      <Filter>헤더 파일</Filter>
    </ClCompile>
    <ClCompile Include="DescriptorTable.cpp">
      <Filter>07.Resource\DescriptorTable</Filter>
    </ClCompile>
    <ClCompile Include="32bitRootConstants.cpp">
      <Filter>07.Resource\32bitRootConstants</Filter>
    </ClCompile>
    <ClCompile Include="Texture.cpp">
      <Filter>07.Resource\Texture</Filter>
    </ClCompile>
    <ClCompile Include="TerrainShader.cpp">
      <Filter>05.Shader\TerrainShader</Filter>
    </ClCompile>
    <ClCompile Include="MyDescriptorHeap.cpp">
      <Filter>07.Resource\DescriptorHeap</Filter>
    </ClCompile>
    <ClCompile Include="Player.cpp">
      <Filter>03.GameObject\Player</Filter>
    </ClCompile>
    <ClCompile Include="GameInput.cpp">
      <Filter>01.GameBase</Filter>
    </ClCompile>
    <ClCompile Include="MyRigidbody.cpp">
      <Filter>02.Component\MyRigidbody</Filter>
    </ClCompile>
  </ItemGroup>
  <ItemGroup>
    <ResourceCompile Include="Witle.rc">
      <Filter>리소스 파일</Filter>
    </ResourceCompile>
  </ItemGroup>
  <ItemGroup>
    <Image Include="small.ico">
      <Filter>리소스 파일</Filter>
    </Image>
    <Image Include="Witle.ico">
      <Filter>리소스 파일</Filter>
    </Image>
  </ItemGroup>
  <ItemGroup>
    <FxCompile Include="CubeShader.hlsl">
      <Filter>리소스 파일\Shader</Filter>
    </FxCompile>
    <FxCompile Include="TerrainShader.hlsl">
      <Filter>리소스 파일\Shader</Filter>
    </FxCompile>
  </ItemGroup>
</Project>